
Microsoft Visual Studio Solution File, Format Version 12.00
# Visual Studio Version 17
VisualStudioVersion = 17.7.34221.43
MinimumVisualStudioVersion = 10.0.40219.1
Project("{FAE04EC0-301F-11D3-BF4B-00C04F79EFBC}") = "dom10(3)", "dom10(3)\dom10(3).csproj", "{1E267B93-E68D-4E3F-B8E8-B92D51FCC96A}"
EndProject
Global
	GlobalSection(SolutionConfigurationPlatforms) = preSolution
		Debug|Any CPU = Debug|Any CPU
		Release|Any CPU = Release|Any CPU
	EndGlobalSection
	GlobalSection(ProjectConfigurationPlatforms) = postSolution
		{1E267B93-E68D-4E3F-B8E8-B92D51FCC96A}.Debug|Any CPU.ActiveCfg = Debug|Any CPU
		{1E267B93-E68D-4E3F-B8E8-B92D51FCC96A}.Debug|Any CPU.Build.0 = Debug|Any CPU
		{1E267B93-E68D-4E3F-B8E8-B92D51FCC96A}.Release|Any CPU.ActiveCfg = Release|Any CPU
		{1E267B93-E68D-4E3F-B8E8-B92D51FCC96A}.Release|Any CPU.Build.0 = Release|Any CPU
	EndGlobalSection
	GlobalSection(SolutionProperties) = preSolution
		HideSolutionNode = FALSE
	EndGlobalSection
	GlobalSection(ExtensibilityGlobals) = postSolution
		SolutionGuid = {CFE01BB6-5DC1-4AA5-8F19-E31A1755F5C5}
	EndGlobalSection
EndGlobal
